// !$*UTF8*$!
{
	archiveVersion = 1;
	classes = {
	};
	objectVersion = 70;
	objects = {

/* Begin PBXBuildFile section */
		11E748F02C9E4B0F00AB1234 /* GymTrackerApp.swift in Sources */ = {isa = PBXBuildFile; fileRef = 11E748EF2C9E4B0F00AB1234 /* GymTrackerApp.swift */; };
		11E748F22C9E4B0F00AB1234 /* ContentView.swift in Sources */ = {isa = PBXBuildFile; fileRef = 11E748F12C9E4B0F00AB1234 /* ContentView.swift */; };
		11E748F42C9E4B1100AB1234 /* Assets.xcassets in Resources */ = {isa = PBXBuildFile; fileRef = 11E748F32C9E4B1100AB1234 /* Assets.xcassets */; };
		11E748F72C9E4B1100AB1234 /* Preview Assets.xcassets in Resources */ = {isa = PBXBuildFile; fileRef = 11E748F62C9E4B1100AB1234 /* Preview Assets.xcassets */; };
		11E749012C9E4B7A00AB1234 /* Exercise.swift in Sources */ = {isa = PBXBuildFile; fileRef = 11E749002C9E4B7A00AB1234 /* Exercise.swift */; };
		11E749032C9E4B8900AB1234 /* Workout.swift in Sources */ = {isa = PBXBuildFile; fileRef = 11E749022C9E4B8900AB1234 /* Workout.swift */; };
		11E749052C9E4B9700AB1234 /* WorkoutStore.swift in Sources */ = {isa = PBXBuildFile; fileRef = 11E749042C9E4B9700AB1234 /* WorkoutStore.swift */; };
		11E749072C9E4BA500AB1234 /* WorkoutsView.swift in Sources */ = {isa = PBXBuildFile; fileRef = 11E749062C9E4BA500AB1234 /* WorkoutsView.swift */; };
		11E749092C9E4BB300AB1234 /* ExercisesView.swift in Sources */ = {isa = PBXBuildFile; fileRef = 11E749082C9E4BB300AB1234 /* ExercisesView.swift */; };
		11E7490B2C9E4BC100AB1234 /* StatisticsView.swift in Sources */ = {isa = PBXBuildFile; fileRef = 11E7490A2C9E4BC100AB1234 /* StatisticsView.swift */; };
		11E7490D2C9E4BCF00AB1234 /* AddExerciseView.swift in Sources */ = {isa = PBXBuildFile; fileRef = 11E7490C2C9E4BCF00AB1234 /* AddExerciseView.swift */; };
		11E7490F2C9E4BDD00AB1234 /* AddWorkoutView.swift in Sources */ = {isa = PBXBuildFile; fileRef = 11E7490E2C9E4BDD00AB1234 /* AddWorkoutView.swift */; };
		11E749142C9E4C4B00AB1234 /* SettingsView.swift in Sources */ = {isa = PBXBuildFile; fileRef = 11E749132C9E4C4B00AB1234 /* SettingsView.swift */; };
		11E749162C9E4C4B00AB1234 /* WorkoutDetailView.swift in Sources */ = {isa = PBXBuildFile; fileRef = 11E749152C9E4C4B00AB1234 /* WorkoutDetailView.swift */; };
		11E7491A2C9E4C9E00AB1234 /* Color+Theme.swift in Sources */ = {isa = PBXBuildFile; fileRef = 11E749192C9E4C9E00AB1234 /* Color+Theme.swift */; };
		11E7491C2C9E4CFD00AB1234 /* WorkoutActivityAttributes.swift in Sources */ = {isa = PBXBuildFile; fileRef = 11E7491B2C9E4CFD00AB1234 /* WorkoutActivityAttributes.swift */; };
		11E7491E2C9E4D1500AB1234 /* SoundPlayer.swift in Sources */ = {isa = PBXBuildFile; fileRef = 11E7491D2C9E4D1500AB1234 /* SoundPlayer.swift */; };
		11E749212C9E4D9300AB1234 /* EditWorkoutView.swift in Sources */ = {isa = PBXBuildFile; fileRef = 11E749202C9E4D9300AB1234 /* EditWorkoutView.swift */; };
		11E7492A2C9E4E0000AB1234 /* WorkoutPreferences.swift in Sources */ = {isa = PBXBuildFile; fileRef = 11E749292C9E4E0000AB1234 /* WorkoutPreferences.swift */; };
		11E7492C2C9E4E1000AB1234 /* WorkoutWizardView.swift in Sources */ = {isa = PBXBuildFile; fileRef = 11E7492B2C9E4E1000AB1234 /* WorkoutWizardView.swift */; };
		11E7492E2C9E4E2000AB1234 /* GeneratedWorkoutPreviewView.swift in Sources */ = {isa = PBXBuildFile; fileRef = 11E7492D2C9E4E2000AB1234 /* GeneratedWorkoutPreviewView.swift */; };
		11E749322C9E4E8A00AB1234 /* WizardSelectionStepView.swift in Sources */ = {isa = PBXBuildFile; fileRef = 11E749312C9E4E8A00AB1234 /* WizardSelectionStepView.swift */; };
		3A4DFFD15FC1443C9EA5BC9C /* WorkoutLiveActivityController.swift in Sources */ = {isa = PBXBuildFile; fileRef = 6544C69ED2054EA081190B12 /* WorkoutLiveActivityController.swift */; };
		3F9060DDF1804A4BBF231BF88B /* WorkoutActionButton.swift in Sources */ = {isa = PBXBuildFile; fileRef = BE6D8614BB1440D7885FF0F32B /* WorkoutActionButton.swift */; };
		7BEE3022AAB849BC84AE555D /* WorkoutSession.swift in Sources */ = {isa = PBXBuildFile; fileRef = 437AAE525E254351A9FB4A60571D1D51 /* WorkoutSession.swift */; };
		AD03A7812E858AEC0005AE79 /* UserProfile.swift in Sources */ = {isa = PBXBuildFile; fileRef = AD03A7802E858AEC0005AE79 /* UserProfile.swift */; };
		AD03A7832E858B920005AE79 /* ProfileEditView.swift in Sources */ = {isa = PBXBuildFile; fileRef = AD03A7822E858B920005AE79 /* ProfileEditView.swift */; };
		AD03A7852E858BA40005AE79 /* ProfileView.swift in Sources */ = {isa = PBXBuildFile; fileRef = AD03A7842E858BA40005AE79 /* ProfileView.swift */; };
		AD03A7872E858BDF0005AE79 /* ProfileImageView.swift in Sources */ = {isa = PBXBuildFile; fileRef = AD03A7862E858BDF0005AE79 /* ProfileImageView.swift */; };
		AD2568DC2E9048FE009BE060 /* ExerciseRecordViews.swift in Sources */ = {isa = PBXBuildFile; fileRef = ADFCBABF2E90453800B761B1 /* ExerciseRecordViews.swift */; };
		AD2568DD2E904916009BE060 /* ExerciseRecordMigration.swift in Sources */ = {isa = PBXBuildFile; fileRef = ADFCBABD2E90402F00B761B1 /* ExerciseRecordMigration.swift */; };
		AD2568DE2E904996009BE060 /* ExerciseRecord.swift in Sources */ = {isa = PBXBuildFile; fileRef = ADFCBABB2E903EAC00B761B1 /* ExerciseRecord.swift */; };
		AD271CB92E8529B900FECDA1 /* SpeechRecognizer.swift in Sources */ = {isa = PBXBuildFile; fileRef = AD271CB82E8529B900FECDA1 /* SpeechRecognizer.swift */; };
		AD271CBB2E852E1500FECDA1 /* AppIconGenerator.swift in Sources */ = {isa = PBXBuildFile; fileRef = AD271CBA2E852E1500FECDA1 /* AppIconGenerator.swift */; };
		AD363D982E8C556A0015A34D /* HealthKitManager.swift in Sources */ = {isa = PBXBuildFile; fileRef = AD363D972E8C556A0015A34D /* HealthKitManager.swift */; };
		AD363D9A2E8C56740015A34D /* HeartRateView.swift in Sources */ = {isa = PBXBuildFile; fileRef = AD363D992E8C56740015A34D /* HeartRateView.swift */; };
		AD363D9C2E8C568F0015A34D /* HealthKitSetupView.swift in Sources */ = {isa = PBXBuildFile; fileRef = AD363D9B2E8C568F0015A34D /* HealthKitSetupView.swift */; };
		AD363D9E2E8C56EA0015A34D /* HealthKit_Integration_README.md in Resources */ = {isa = PBXBuildFile; fileRef = AD363D9D2E8C56EA0015A34D /* HealthKit_Integration_README.md */; };
		AD363DA02E8C57020015A34D /* HealthKitSetup.swift in Sources */ = {isa = PBXBuildFile; fileRef = AD363D9F2E8C57020015A34D /* HealthKitSetup.swift */; };
		AD363DA22E8C6B250015A34D /* HealthKitDebugView.swift in Sources */ = {isa = PBXBuildFile; fileRef = AD363DA12E8C6B250015A34D /* HealthKitDebugView.swift */; };
		AD363DA52E8C713F0015A34D /* KeyboardDismissalUtilities.swift in Sources */ = {isa = PBXBuildFile; fileRef = AD363DA42E8C713F0015A34D /* KeyboardDismissalUtilities.swift */; };
		AD363DA72E8C71A00015A34D /* KeyboardDismissalExamples.swift in Sources */ = {isa = PBXBuildFile; fileRef = AD363DA62E8C71A00015A34D /* KeyboardDismissalExamples.swift */; };
		AD363DA92E8C71C20015A34D /* KEYBOARD_DISMISSAL_GUIDE.md in Resources */ = {isa = PBXBuildFile; fileRef = AD363DA82E8C71C20015A34D /* KEYBOARD_DISMISSAL_GUIDE.md */; };
		AD4402CD2E906E81001FC101 /* ExerciseLastUsedMigration.swift in Sources */ = {isa = PBXBuildFile; fileRef = AD4402CC2E906E81001FC101 /* ExerciseLastUsedMigration.swift */; };
		AD4402CF2E906EA2001FC101 /* ExerciseLastUsedViews.swift in Sources */ = {isa = PBXBuildFile; fileRef = AD4402CE2E906EA2001FC101 /* ExerciseLastUsedViews.swift */; };
		AD4402D12E906F81001FC101 /* ExerciseHeaderWithLastUsed.swift in Sources */ = {isa = PBXBuildFile; fileRef = AD4402D02E906F81001FC101 /* ExerciseHeaderWithLastUsed.swift */; };
		AD4B5D4C2E8A6CBB0083787B /* ExercisePickerView.swift in Sources */ = {isa = PBXBuildFile; fileRef = AD4B5D4B2E8A6CBB0083787B /* ExercisePickerView.swift */; };
		AD4B5D4E2E8A723B0083787B /* AppLayout.swift in Sources */ = {isa = PBXBuildFile; fileRef = AD4B5D4D2E8A723B0083787B /* AppLayout.swift */; };
		AD52FECB2E8B2A0E0048DF0F /* Workout+SwiftDataMapping.swift in Sources */ = {isa = PBXBuildFile; fileRef = AD52FECA2E8B2A0E0048DF0F /* Workout+SwiftDataMapping.swift */; };
		AD52FECD2E8B2A110048DF0F /* WorkoutRepository.swift in Sources */ = {isa = PBXBuildFile; fileRef = AD52FECC2E8B2A110048DF0F /* WorkoutRepository.swift */; };
		AD52FECF2E8B32640048DF0F /* SwiftDataEntities.swift in Sources */ = {isa = PBXBuildFile; fileRef = AD52FECE2E8B32640048DF0F /* SwiftDataEntities.swift */; };
		AD52FED12E8B361F0048DF0F /* LegacyModels.swift in Sources */ = {isa = PBXBuildFile; fileRef = AD52FED02E8B361F0048DF0F /* LegacyModels.swift */; };
		AD52FED32E8B362F0048DF0F /* SwiftDataMigration.swift in Sources */ = {isa = PBXBuildFile; fileRef = AD52FED22E8B362F0048DF0F /* SwiftDataMigration.swift */; };
		AD52FEDD2E8BCBD40048DF0F /* WidgetKit.framework in Frameworks */ = {isa = PBXBuildFile; fileRef = AD52FEDC2E8BCBD40048DF0F /* WidgetKit.framework */; };
		AD52FEDF2E8BCBD40048DF0F /* SwiftUI.framework in Frameworks */ = {isa = PBXBuildFile; fileRef = AD52FEDE2E8BCBD40048DF0F /* SwiftUI.framework */; };
		AD52FEF02E8BCBD50048DF0F /* WorkoutWidgetsExtension.appex in Embed Foundation Extensions */ = {isa = PBXBuildFile; fileRef = AD52FEDA2E8BCBD40048DF0F /* WorkoutWidgetsExtension.appex */; settings = {ATTRIBUTES = (RemoveHeadersOnCopy, ); }; };
		AD52FEF62E8BCC6B0048DF0F /* WorkoutActivityAttributes.swift in Sources */ = {isa = PBXBuildFile; fileRef = 11E7491B2C9E4CFD00AB1234 /* WorkoutActivityAttributes.swift */; };
		AD90F2C42E845AFD003D4DE9 /* Theme.swift in Sources */ = {isa = PBXBuildFile; fileRef = AD90F2C32E845AFD003D4DE9 /* Theme.swift */; };
		AD90F2C62E845B05003D4DE9 /* StartView.swift in Sources */ = {isa = PBXBuildFile; fileRef = AD90F2C52E845B05003D4DE9 /* StartView.swift */; };
		AD960EA02E8BF83200E91131 /* DataManager.swift in Sources */ = {isa = PBXBuildFile; fileRef = AD960E9F2E8BF83200E91131 /* DataManager.swift */; };
		AD960EA22E8C093D00E91131 /* ExerciseSeeder.swift in Sources */ = {isa = PBXBuildFile; fileRef = AD960EA12E8C093D00E91131 /* ExerciseSeeder.swift */; };
		AD960EA42E8C0A7000E91131 /* SwiftDataSafeMapping.swift in Sources */ = {isa = PBXBuildFile; fileRef = AD960EA32E8C0A7000E91131 /* SwiftDataSafeMapping.swift */; };
		ADAA5A2F2E8D328500549B47 /* AudioDebugView.swift in Sources */ = {isa = PBXBuildFile; fileRef = ADAA5A2E2E8D328500549B47 /* AudioDebugView.swift */; };
		ADAA5A312E8D32EE00549B47 /* SoundTroubleshooting.md in Resources */ = {isa = PBXBuildFile; fileRef = ADAA5A302E8D32EE00549B47 /* SoundTroubleshooting.md */; };
		ADAA5A332E8D36AF00549B47 /* BackupManager.swift in Sources */ = {isa = PBXBuildFile; fileRef = ADAA5A322E8D36AF00549B47 /* BackupManager.swift */; };
		ADAA5A352E8D36D900549B47 /* BackupView.swift in Sources */ = {isa = PBXBuildFile; fileRef = ADAA5A342E8D36D900549B47 /* BackupView.swift */; };
		ADD080512E8C790D003FAAFB /* AudioManager.swift in Sources */ = {isa = PBXBuildFile; fileRef = ADD080502E8C790D003FAAFB /* AudioManager.swift */; };
		ADD080532E8C7A06003FAAFB /* NotificationSoundExample.swift in Sources */ = {isa = PBXBuildFile; fileRef = ADD080522E8C7A06003FAAFB /* NotificationSoundExample.swift */; };
		ADD080552E8C7A3C003FAAFB /* 591279__awchacon__go.wav in Resources */ = {isa = PBXBuildFile; fileRef = ADD080542E8C7A3C003FAAFB /* 591279__awchacon__go.wav */; };
		ADD080572E8C7AE6003FAAFB /* NotificationSoundSettings.swift in Sources */ = {isa = PBXBuildFile; fileRef = ADD080562E8C7AE6003FAAFB /* NotificationSoundSettings.swift */; };
		ADD080592E8C7B0F003FAAFB /* UpdatedNotificationExample.swift in Sources */ = {isa = PBXBuildFile; fileRef = ADD080582E8C7B0F003FAAFB /* UpdatedNotificationExample.swift */; };
		ADD0805B2E8C7D29003FAAFB /* ProfilePersistenceHelper.swift in Sources */ = {isa = PBXBuildFile; fileRef = ADD0805A2E8C7D29003FAAFB /* ProfilePersistenceHelper.swift */; };
		ADF0E3A72E91B8B5003FC831 /* WorkoutsTabView.swift in Sources */ = {isa = PBXBuildFile; fileRef = ADF0E3A62E91B8B5003FC831 /* WorkoutsTabView.swift */; };
		ADFA7B762E86652D00816DAF /* NotificationManager.swift in Sources */ = {isa = PBXBuildFile; fileRef = ADFA7B752E86652D00816DAF /* NotificationManager.swift */; };
		ADFCBABC2E903EAC00B761B1 /* ExerciseRecord.swift in Sources */ = {isa = PBXBuildFile; fileRef = ADFCBABB2E903EAC00B761B1 /* ExerciseRecord.swift */; };
		DE8D447AD4E14CC8A668C5E6 /* EditExerciseView.swift in Sources */ = {isa = PBXBuildFile; fileRef = 1599F04F9E324D7E9982EB6C /* EditExerciseView.swift */; };
		E4D07EFB1F324BFA98499F7F /* SessionActionButton.swift in Sources */ = {isa = PBXBuildFile; fileRef = 1FFCE41560FA498487D62805 /* SessionActionButton.swift */; };
/* End PBXBuildFile section */

/* Begin PBXContainerItemProxy section */
		AD52FEEE2E8BCBD50048DF0F /* PBXContainerItemProxy */ = {
			isa = PBXContainerItemProxy;
			containerPortal = 11E748E42C9E4B0F00AB1234 /* Project object */;
			proxyType = 1;
			remoteGlobalIDString = AD52FED92E8BCBD40048DF0F;
			remoteInfo = WorkoutWidgetsExtension;
		};
/* End PBXContainerItemProxy section */

/* Begin PBXCopyFilesBuildPhase section */
		AD52FEF52E8BCBD50048DF0F /* Embed Foundation Extensions */ = {
			isa = PBXCopyFilesBuildPhase;
			buildActionMask = 2147483647;
			dstPath = "";
			dstSubfolderSpec = 13;
			files = (
				AD52FEF02E8BCBD50048DF0F /* WorkoutWidgetsExtension.appex in Embed Foundation Extensions */,
			);
			name = "Embed Foundation Extensions";
			runOnlyForDeploymentPostprocessing = 0;
		};
/* End PBXCopyFilesBuildPhase section */

/* Begin PBXFileReference section */
		11E748EC2C9E4B0F00AB1234 /* GymBo.app */ = {isa = PBXFileReference; explicitFileType = wrapper.application; includeInIndex = 0; path = GymBo.app; sourceTree = BUILT_PRODUCTS_DIR; };
		11E748EF2C9E4B0F00AB1234 /* GymTrackerApp.swift */ = {isa = PBXFileReference; lastKnownFileType = sourcecode.swift; path = GymTrackerApp.swift; sourceTree = "<group>"; };
		11E748F12C9E4B0F00AB1234 /* ContentView.swift */ = {isa = PBXFileReference; lastKnownFileType = sourcecode.swift; path = ContentView.swift; sourceTree = "<group>"; };
		11E748F32C9E4B1100AB1234 /* Assets.xcassets */ = {isa = PBXFileReference; lastKnownFileType = folder.assetcatalog; path = Assets.xcassets; sourceTree = "<group>"; };
		11E748F62C9E4B1100AB1234 /* Preview Assets.xcassets */ = {isa = PBXFileReference; lastKnownFileType = folder.assetcatalog; path = "Preview Assets.xcassets"; sourceTree = "<group>"; };
		11E749002C9E4B7A00AB1234 /* Exercise.swift */ = {isa = PBXFileReference; lastKnownFileType = sourcecode.swift; path = Exercise.swift; sourceTree = "<group>"; };
		11E749022C9E4B8900AB1234 /* Workout.swift */ = {isa = PBXFileReference; lastKnownFileType = sourcecode.swift; path = Workout.swift; sourceTree = "<group>"; };
		11E749042C9E4B9700AB1234 /* WorkoutStore.swift */ = {isa = PBXFileReference; lastKnownFileType = sourcecode.swift; path = WorkoutStore.swift; sourceTree = "<group>"; };
		11E749062C9E4BA500AB1234 /* WorkoutsView.swift */ = {isa = PBXFileReference; lastKnownFileType = sourcecode.swift; path = WorkoutsView.swift; sourceTree = "<group>"; };
		11E749082C9E4BB300AB1234 /* ExercisesView.swift */ = {isa = PBXFileReference; lastKnownFileType = sourcecode.swift; path = ExercisesView.swift; sourceTree = "<group>"; };
		11E7490A2C9E4BC100AB1234 /* StatisticsView.swift */ = {isa = PBXFileReference; lastKnownFileType = sourcecode.swift; path = StatisticsView.swift; sourceTree = "<group>"; };
		11E7490C2C9E4BCF00AB1234 /* AddExerciseView.swift */ = {isa = PBXFileReference; lastKnownFileType = sourcecode.swift; path = AddExerciseView.swift; sourceTree = "<group>"; };
		11E7490E2C9E4BDD00AB1234 /* AddWorkoutView.swift */ = {isa = PBXFileReference; lastKnownFileType = sourcecode.swift; path = AddWorkoutView.swift; sourceTree = "<group>"; };
		11E749132C9E4C4B00AB1234 /* SettingsView.swift */ = {isa = PBXFileReference; lastKnownFileType = sourcecode.swift; path = SettingsView.swift; sourceTree = "<group>"; };
		11E749152C9E4C4B00AB1234 /* WorkoutDetailView.swift */ = {isa = PBXFileReference; lastKnownFileType = sourcecode.swift; path = WorkoutDetailView.swift; sourceTree = "<group>"; };
		11E749192C9E4C9E00AB1234 /* Color+Theme.swift */ = {isa = PBXFileReference; lastKnownFileType = sourcecode.swift; path = "Color+Theme.swift"; sourceTree = "<group>"; };
		11E7491B2C9E4CFD00AB1234 /* WorkoutActivityAttributes.swift */ = {isa = PBXFileReference; lastKnownFileType = sourcecode.swift; path = WorkoutActivityAttributes.swift; sourceTree = "<group>"; };
		11E7491D2C9E4D1500AB1234 /* SoundPlayer.swift */ = {isa = PBXFileReference; lastKnownFileType = sourcecode.swift; path = SoundPlayer.swift; sourceTree = "<group>"; };
		11E749202C9E4D9300AB1234 /* EditWorkoutView.swift */ = {isa = PBXFileReference; lastKnownFileType = sourcecode.swift; path = EditWorkoutView.swift; sourceTree = "<group>"; };
		11E749292C9E4E0000AB1234 /* WorkoutPreferences.swift */ = {isa = PBXFileReference; lastKnownFileType = sourcecode.swift; path = WorkoutPreferences.swift; sourceTree = "<group>"; };
		11E7492B2C9E4E1000AB1234 /* WorkoutWizardView.swift */ = {isa = PBXFileReference; lastKnownFileType = sourcecode.swift; path = WorkoutWizardView.swift; sourceTree = "<group>"; };
		11E7492D2C9E4E2000AB1234 /* GeneratedWorkoutPreviewView.swift */ = {isa = PBXFileReference; lastKnownFileType = sourcecode.swift; path = GeneratedWorkoutPreviewView.swift; sourceTree = "<group>"; };
		11E749312C9E4E8A00AB1234 /* WizardSelectionStepView.swift */ = {isa = PBXFileReference; lastKnownFileType = sourcecode.swift; path = WizardSelectionStepView.swift; sourceTree = "<group>"; };
		1599F04F9E324D7E9982EB6C /* EditExerciseView.swift */ = {isa = PBXFileReference; lastKnownFileType = sourcecode.swift; path = EditExerciseView.swift; sourceTree = "<group>"; };
		1FFCE41560FA498487D62805 /* SessionActionButton.swift */ = {isa = PBXFileReference; lastKnownFileType = sourcecode.swift; path = SessionActionButton.swift; sourceTree = "<group>"; };
		437AAE525E254351A9FB4A60571D1D51 /* WorkoutSession.swift */ = {isa = PBXFileReference; lastKnownFileType = sourcecode.swift; path = WorkoutSession.swift; sourceTree = "<group>"; };
		6544C69ED2054EA081190B12 /* WorkoutLiveActivityController.swift */ = {isa = PBXFileReference; lastKnownFileType = sourcecode.swift; path = WorkoutLiveActivityController.swift; sourceTree = "<group>"; };
		AD03A7802E858AEC0005AE79 /* UserProfile.swift */ = {isa = PBXFileReference; lastKnownFileType = sourcecode.swift; path = UserProfile.swift; sourceTree = "<group>"; };
		AD03A7822E858B920005AE79 /* ProfileEditView.swift */ = {isa = PBXFileReference; lastKnownFileType = sourcecode.swift; path = ProfileEditView.swift; sourceTree = "<group>"; };
		AD03A7842E858BA40005AE79 /* ProfileView.swift */ = {isa = PBXFileReference; lastKnownFileType = sourcecode.swift; path = ProfileView.swift; sourceTree = "<group>"; };
		AD03A7862E858BDF0005AE79 /* ProfileImageView.swift */ = {isa = PBXFileReference; lastKnownFileType = sourcecode.swift; path = ProfileImageView.swift; sourceTree = "<group>"; };
		AD271CB82E8529B900FECDA1 /* SpeechRecognizer.swift */ = {isa = PBXFileReference; lastKnownFileType = sourcecode.swift; path = SpeechRecognizer.swift; sourceTree = "<group>"; };
		AD271CBA2E852E1500FECDA1 /* AppIconGenerator.swift */ = {isa = PBXFileReference; lastKnownFileType = sourcecode.swift; path = AppIconGenerator.swift; sourceTree = "<group>"; };
		AD363D972E8C556A0015A34D /* HealthKitManager.swift */ = {isa = PBXFileReference; lastKnownFileType = sourcecode.swift; path = HealthKitManager.swift; sourceTree = "<group>"; };
		AD363D992E8C56740015A34D /* HeartRateView.swift */ = {isa = PBXFileReference; lastKnownFileType = sourcecode.swift; path = HeartRateView.swift; sourceTree = "<group>"; };
		AD363D9B2E8C568F0015A34D /* HealthKitSetupView.swift */ = {isa = PBXFileReference; lastKnownFileType = sourcecode.swift; path = HealthKitSetupView.swift; sourceTree = "<group>"; };
		AD363D9D2E8C56EA0015A34D /* HealthKit_Integration_README.md */ = {isa = PBXFileReference; lastKnownFileType = net.daringfireball.markdown; path = HealthKit_Integration_README.md; sourceTree = "<group>"; };
		AD363D9F2E8C57020015A34D /* HealthKitSetup.swift */ = {isa = PBXFileReference; lastKnownFileType = sourcecode.swift; path = HealthKitSetup.swift; sourceTree = "<group>"; };
		AD363DA12E8C6B250015A34D /* HealthKitDebugView.swift */ = {isa = PBXFileReference; lastKnownFileType = sourcecode.swift; path = HealthKitDebugView.swift; sourceTree = "<group>"; };
		AD363DA32E8C6B770015A34D /* GymBo.entitlements */ = {isa = PBXFileReference; lastKnownFileType = text.plist.entitlements; path = GymBo.entitlements; sourceTree = "<group>"; };
		AD363DA42E8C713F0015A34D /* KeyboardDismissalUtilities.swift */ = {isa = PBXFileReference; lastKnownFileType = sourcecode.swift; path = KeyboardDismissalUtilities.swift; sourceTree = "<group>"; };
		AD363DA62E8C71A00015A34D /* KeyboardDismissalExamples.swift */ = {isa = PBXFileReference; lastKnownFileType = sourcecode.swift; path = KeyboardDismissalExamples.swift; sourceTree = "<group>"; };
		AD363DA82E8C71C20015A34D /* KEYBOARD_DISMISSAL_GUIDE.md */ = {isa = PBXFileReference; lastKnownFileType = net.daringfireball.markdown; path = KEYBOARD_DISMISSAL_GUIDE.md; sourceTree = "<group>"; };
		AD4402CC2E906E81001FC101 /* ExerciseLastUsedMigration.swift */ = {isa = PBXFileReference; lastKnownFileType = sourcecode.swift; path = ExerciseLastUsedMigration.swift; sourceTree = "<group>"; };
		AD4402CE2E906EA2001FC101 /* ExerciseLastUsedViews.swift */ = {isa = PBXFileReference; lastKnownFileType = sourcecode.swift; path = ExerciseLastUsedViews.swift; sourceTree = "<group>"; };
		AD4402D02E906F81001FC101 /* ExerciseHeaderWithLastUsed.swift */ = {isa = PBXFileReference; lastKnownFileType = sourcecode.swift; path = ExerciseHeaderWithLastUsed.swift; sourceTree = "<group>"; };
		AD4B5D4B2E8A6CBB0083787B /* ExercisePickerView.swift */ = {isa = PBXFileReference; lastKnownFileType = sourcecode.swift; path = ExercisePickerView.swift; sourceTree = "<group>"; };
		AD4B5D4D2E8A723B0083787B /* AppLayout.swift */ = {isa = PBXFileReference; lastKnownFileType = sourcecode.swift; path = AppLayout.swift; sourceTree = "<group>"; };
		AD52FECA2E8B2A0E0048DF0F /* Workout+SwiftDataMapping.swift */ = {isa = PBXFileReference; lastKnownFileType = sourcecode.swift; path = "Workout+SwiftDataMapping.swift"; sourceTree = "<group>"; };
		AD52FECC2E8B2A110048DF0F /* WorkoutRepository.swift */ = {isa = PBXFileReference; lastKnownFileType = sourcecode.swift; path = WorkoutRepository.swift; sourceTree = "<group>"; };
		AD52FECE2E8B32640048DF0F /* SwiftDataEntities.swift */ = {isa = PBXFileReference; lastKnownFileType = sourcecode.swift; path = SwiftDataEntities.swift; sourceTree = "<group>"; };
		AD52FED02E8B361F0048DF0F /* LegacyModels.swift */ = {isa = PBXFileReference; lastKnownFileType = sourcecode.swift; path = LegacyModels.swift; sourceTree = "<group>"; };
		AD52FED22E8B362F0048DF0F /* SwiftDataMigration.swift */ = {isa = PBXFileReference; lastKnownFileType = sourcecode.swift; path = SwiftDataMigration.swift; sourceTree = "<group>"; };
		AD52FEDA2E8BCBD40048DF0F /* WorkoutWidgetsExtension.appex */ = {isa = PBXFileReference; explicitFileType = "wrapper.app-extension"; includeInIndex = 0; path = WorkoutWidgetsExtension.appex; sourceTree = BUILT_PRODUCTS_DIR; };
		AD52FEDC2E8BCBD40048DF0F /* WidgetKit.framework */ = {isa = PBXFileReference; lastKnownFileType = wrapper.framework; name = WidgetKit.framework; path = System/Library/Frameworks/WidgetKit.framework; sourceTree = SDKROOT; };
		AD52FEDE2E8BCBD40048DF0F /* SwiftUI.framework */ = {isa = PBXFileReference; lastKnownFileType = wrapper.framework; name = SwiftUI.framework; path = System/Library/Frameworks/SwiftUI.framework; sourceTree = SDKROOT; };
		AD52FEF82E8BD0DB0048DF0F /* Info.plist */ = {isa = PBXFileReference; lastKnownFileType = text.plist.xml; path = Info.plist; sourceTree = "<group>"; };
		AD90F2C32E845AFD003D4DE9 /* Theme.swift */ = {isa = PBXFileReference; lastKnownFileType = sourcecode.swift; path = Theme.swift; sourceTree = "<group>"; };
		AD90F2C52E845B05003D4DE9 /* StartView.swift */ = {isa = PBXFileReference; lastKnownFileType = sourcecode.swift; path = StartView.swift; sourceTree = "<group>"; };
		AD960E9F2E8BF83200E91131 /* DataManager.swift */ = {isa = PBXFileReference; lastKnownFileType = sourcecode.swift; path = DataManager.swift; sourceTree = "<group>"; };
		AD960EA12E8C093D00E91131 /* ExerciseSeeder.swift */ = {isa = PBXFileReference; lastKnownFileType = sourcecode.swift; path = ExerciseSeeder.swift; sourceTree = "<group>"; };
		AD960EA32E8C0A7000E91131 /* SwiftDataSafeMapping.swift */ = {isa = PBXFileReference; lastKnownFileType = sourcecode.swift; path = SwiftDataSafeMapping.swift; sourceTree = "<group>"; };
		ADAA5A2E2E8D328500549B47 /* AudioDebugView.swift */ = {isa = PBXFileReference; lastKnownFileType = sourcecode.swift; path = AudioDebugView.swift; sourceTree = "<group>"; };
		ADAA5A302E8D32EE00549B47 /* SoundTroubleshooting.md */ = {isa = PBXFileReference; lastKnownFileType = net.daringfireball.markdown; path = SoundTroubleshooting.md; sourceTree = "<group>"; };
		ADAA5A322E8D36AF00549B47 /* BackupManager.swift */ = {isa = PBXFileReference; lastKnownFileType = sourcecode.swift; path = BackupManager.swift; sourceTree = "<group>"; };
		ADAA5A342E8D36D900549B47 /* BackupView.swift */ = {isa = PBXFileReference; lastKnownFileType = sourcecode.swift; path = BackupView.swift; sourceTree = "<group>"; };
		ADCACAE72E8BDA210039256B /* GymBo-Info.plist */ = {isa = PBXFileReference; lastKnownFileType = text.plist; path = "GymBo-Info.plist"; sourceTree = "<group>"; };
		ADD080502E8C790D003FAAFB /* AudioManager.swift */ = {isa = PBXFileReference; lastKnownFileType = sourcecode.swift; path = AudioManager.swift; sourceTree = "<group>"; };
		ADD080522E8C7A06003FAAFB /* NotificationSoundExample.swift */ = {isa = PBXFileReference; lastKnownFileType = sourcecode.swift; path = NotificationSoundExample.swift; sourceTree = "<group>"; };
		ADD080542E8C7A3C003FAAFB /* 591279__awchacon__go.wav */ = {isa = PBXFileReference; lastKnownFileType = audio.wav; path = 591279__awchacon__go.wav; sourceTree = "<group>"; };
		ADD080562E8C7AE6003FAAFB /* NotificationSoundSettings.swift */ = {isa = PBXFileReference; lastKnownFileType = sourcecode.swift; path = NotificationSoundSettings.swift; sourceTree = "<group>"; };
		ADD080582E8C7B0F003FAAFB /* UpdatedNotificationExample.swift */ = {isa = PBXFileReference; lastKnownFileType = sourcecode.swift; path = UpdatedNotificationExample.swift; sourceTree = "<group>"; };
		ADD0805A2E8C7D29003FAAFB /* ProfilePersistenceHelper.swift */ = {isa = PBXFileReference; lastKnownFileType = sourcecode.swift; path = ProfilePersistenceHelper.swift; sourceTree = "<group>"; };
		ADF0E3A62E91B8B5003FC831 /* WorkoutsTabView.swift */ = {isa = PBXFileReference; lastKnownFileType = sourcecode.swift; path = WorkoutsTabView.swift; sourceTree = "<group>"; };
		ADFA7B752E86652D00816DAF /* NotificationManager.swift */ = {isa = PBXFileReference; lastKnownFileType = sourcecode.swift; path = NotificationManager.swift; sourceTree = "<group>"; };
		ADFCBABB2E903EAC00B761B1 /* ExerciseRecord.swift */ = {isa = PBXFileReference; lastKnownFileType = sourcecode.swift; path = ExerciseRecord.swift; sourceTree = "<group>"; };
		ADFCBABD2E90402F00B761B1 /* ExerciseRecordMigration.swift */ = {isa = PBXFileReference; lastKnownFileType = sourcecode.swift; path = ExerciseRecordMigration.swift; sourceTree = "<group>"; };
		ADFCBABF2E90453800B761B1 /* ExerciseRecordViews.swift */ = {isa = PBXFileReference; lastKnownFileType = sourcecode.swift; path = ExerciseRecordViews.swift; sourceTree = "<group>"; };
		BE6D8614BB1440D7885FF0F32B /* WorkoutActionButton.swift */ = {isa = PBXFileReference; lastKnownFileType = sourcecode.swift; path = WorkoutActionButton.swift; sourceTree = "<group>"; };
/* End PBXFileReference section */

/* Begin PBXFileSystemSynchronizedBuildFileExceptionSet section */
		AD52FEF12E8BCBD50048DF0F /* PBXFileSystemSynchronizedBuildFileExceptionSet */ = {
			isa = PBXFileSystemSynchronizedBuildFileExceptionSet;
			membershipExceptions = (
				Info.plist,
			);
			target = AD52FED92E8BCBD40048DF0F /* WorkoutWidgetsExtension */;
		};
/* End PBXFileSystemSynchronizedBuildFileExceptionSet section */

/* Begin PBXFileSystemSynchronizedRootGroup section */
		AD52FEE02E8BCBD40048DF0F /* WorkoutWidgets */ = {isa = PBXFileSystemSynchronizedRootGroup; exceptions = (AD52FEF12E8BCBD50048DF0F /* PBXFileSystemSynchronizedBuildFileExceptionSet */, ); explicitFileTypes = {}; explicitFolders = (); path = WorkoutWidgets; sourceTree = "<group>"; };
/* End PBXFileSystemSynchronizedRootGroup section */

/* Begin PBXFrameworksBuildPhase section */
		11E748E92C9E4B0F00AB1234 /* Frameworks */ = {
			isa = PBXFrameworksBuildPhase;
			buildActionMask = 2147483647;
			files = (
			);
			runOnlyForDeploymentPostprocessing = 0;
		};
		AD52FED72E8BCBD40048DF0F /* Frameworks */ = {
			isa = PBXFrameworksBuildPhase;
			buildActionMask = 2147483647;
			files = (
				AD52FEDF2E8BCBD40048DF0F /* SwiftUI.framework in Frameworks */,
				AD52FEDD2E8BCBD40048DF0F /* WidgetKit.framework in Frameworks */,
			);
			runOnlyForDeploymentPostprocessing = 0;
		};
/* End PBXFrameworksBuildPhase section */

/* Begin PBXGroup section */
		11E748E32C9E4B0F00AB1234 = {
			isa = PBXGroup;
			children = (
				AD363DA32E8C6B770015A34D /* GymBo.entitlements */,
				ADCACAE72E8BDA210039256B /* GymBo-Info.plist */,
				11E748EE2C9E4B0F00AB1234 /* GymTracker */,
				AD52FEE02E8BCBD40048DF0F /* WorkoutWidgets */,
				AD52FEDB2E8BCBD40048DF0F /* Frameworks */,
				11E748ED2C9E4B0F00AB1234 /* Products */,
				ADFCBABB2E903EAC00B761B1 /* ExerciseRecord.swift */,
				ADFCBABD2E90402F00B761B1 /* ExerciseRecordMigration.swift */,
				ADFCBABF2E90453800B761B1 /* ExerciseRecordViews.swift */,
				AD4402CC2E906E81001FC101 /* ExerciseLastUsedMigration.swift */,
				AD4402CE2E906EA2001FC101 /* ExerciseLastUsedViews.swift */,
				AD4402D02E906F81001FC101 /* ExerciseHeaderWithLastUsed.swift */,
				ADF0E3A62E91B8B5003FC831 /* WorkoutsTabView.swift */,
			);
			sourceTree = "<group>";
		};
		11E748ED2C9E4B0F00AB1234 /* Products */ = {
			isa = PBXGroup;
			children = (
				11E748EC2C9E4B0F00AB1234 /* GymBo.app */,
				AD52FEDA2E8BCBD40048DF0F /* WorkoutWidgetsExtension.appex */,
			);
			name = Products;
			sourceTree = "<group>";
		};
		11E748EE2C9E4B0F00AB1234 /* GymTracker */ = {
			isa = PBXGroup;
			children = (
				ADD080542E8C7A3C003FAAFB /* 591279__awchacon__go.wav */,
				AD52FECE2E8B32640048DF0F /* SwiftDataEntities.swift */,
				11E748EF2C9E4B0F00AB1234 /* GymTrackerApp.swift */,
				11E748F12C9E4B0F00AB1234 /* ContentView.swift */,
				11E749192C9E4C9E00AB1234 /* Color+Theme.swift */,
				11E7491F2C9E4D3C00AB1234 /* LiveActivities */,
				11E7491D2C9E4D1500AB1234 /* SoundPlayer.swift */,
				11E748FD2C9E4B5F00AB1234 /* Models */,
				11E748FE2C9E4B6600AB1234 /* ViewModels */,
				11E748FF2C9E4B6D00AB1234 /* Views */,
				11E748F32C9E4B1100AB1234 /* Assets.xcassets */,
				11E748F52C9E4B1100AB1234 /* Preview Content */,
				AD271CB82E8529B900FECDA1 /* SpeechRecognizer.swift */,
				ADFA7B752E86652D00816DAF /* NotificationManager.swift */,
				AD4B5D4D2E8A723B0083787B /* AppLayout.swift */,
				AD52FECA2E8B2A0E0048DF0F /* Workout+SwiftDataMapping.swift */,
				AD52FECC2E8B2A110048DF0F /* WorkoutRepository.swift */,
				AD52FED02E8B361F0048DF0F /* LegacyModels.swift */,
				AD52FED22E8B362F0048DF0F /* SwiftDataMigration.swift */,
				AD52FEF82E8BD0DB0048DF0F /* Info.plist */,
				AD960E9F2E8BF83200E91131 /* DataManager.swift */,
				AD960EA12E8C093D00E91131 /* ExerciseSeeder.swift */,
				AD960EA32E8C0A7000E91131 /* SwiftDataSafeMapping.swift */,
				AD363D972E8C556A0015A34D /* HealthKitManager.swift */,
				AD363D992E8C56740015A34D /* HeartRateView.swift */,
				AD363D9B2E8C568F0015A34D /* HealthKitSetupView.swift */,
				AD363D9D2E8C56EA0015A34D /* HealthKit_Integration_README.md */,
				AD363D9F2E8C57020015A34D /* HealthKitSetup.swift */,
				AD363DA12E8C6B250015A34D /* HealthKitDebugView.swift */,
				AD363DA42E8C713F0015A34D /* KeyboardDismissalUtilities.swift */,
				AD363DA62E8C71A00015A34D /* KeyboardDismissalExamples.swift */,
				AD363DA82E8C71C20015A34D /* KEYBOARD_DISMISSAL_GUIDE.md */,
				ADD080502E8C790D003FAAFB /* AudioManager.swift */,
				ADD080522E8C7A06003FAAFB /* NotificationSoundExample.swift */,
				ADD080562E8C7AE6003FAAFB /* NotificationSoundSettings.swift */,
				ADD080582E8C7B0F003FAAFB /* UpdatedNotificationExample.swift */,
				ADAA5A2E2E8D328500549B47 /* AudioDebugView.swift */,
				ADAA5A302E8D32EE00549B47 /* SoundTroubleshooting.md */,
				ADAA5A322E8D36AF00549B47 /* BackupManager.swift */,
				ADAA5A342E8D36D900549B47 /* BackupView.swift */,
			);
			path = GymTracker;
			sourceTree = "<group>";
		};
		11E748F52C9E4B1100AB1234 /* Preview Content */ = {
			isa = PBXGroup;
			children = (
				11E748F62C9E4B1100AB1234 /* Preview Assets.xcassets */,
			);
			path = "Preview Content";
			sourceTree = "<group>";
		};
		11E748FD2C9E4B5F00AB1234 /* Models */ = {
			isa = PBXGroup;
			children = (
				11E749002C9E4B7A00AB1234 /* Exercise.swift */,
				11E749022C9E4B8900AB1234 /* Workout.swift */,
				437AAE525E254351A9FB4A60571D1D51 /* WorkoutSession.swift */,
				11E749292C9E4E0000AB1234 /* WorkoutPreferences.swift */,
			);
			path = Models;
			sourceTree = "<group>";
		};
		11E748FE2C9E4B6600AB1234 /* ViewModels */ = {
			isa = PBXGroup;
			children = (
				11E749042C9E4B9700AB1234 /* WorkoutStore.swift */,
				AD90F2C32E845AFD003D4DE9 /* Theme.swift */,
				AD90F2C52E845B05003D4DE9 /* StartView.swift */,
				ADD0805A2E8C7D29003FAAFB /* ProfilePersistenceHelper.swift */,
			);
			path = ViewModels;
			sourceTree = "<group>";
		};
		11E748FF2C9E4B6D00AB1234 /* Views */ = {
			isa = PBXGroup;
			children = (
				11E749062C9E4BA500AB1234 /* WorkoutsView.swift */,
				11E749082C9E4BB300AB1234 /* ExercisesView.swift */,
				11E7490A2C9E4BC100AB1234 /* StatisticsView.swift */,
				11E7490C2C9E4BCF00AB1234 /* AddExerciseView.swift */,
				11E7490E2C9E4BDD00AB1234 /* AddWorkoutView.swift */,
				11E749132C9E4C4B00AB1234 /* SettingsView.swift */,
				11E749152C9E4C4B00AB1234 /* WorkoutDetailView.swift */,
				11E749202C9E4D9300AB1234 /* EditWorkoutView.swift */,
				1599F04F9E324D7E9982EB6C /* EditExerciseView.swift */,
				BE6D8614BB1440D7885FF0F32B /* WorkoutActionButton.swift */,
				1FFCE41560FA498487D62805 /* SessionActionButton.swift */,
				11E7492B2C9E4E1000AB1234 /* WorkoutWizardView.swift */,
				11E749312C9E4E8A00AB1234 /* WizardSelectionStepView.swift */,
				11E7492D2C9E4E2000AB1234 /* GeneratedWorkoutPreviewView.swift */,
				AD271CBA2E852E1500FECDA1 /* AppIconGenerator.swift */,
				AD03A7802E858AEC0005AE79 /* UserProfile.swift */,
				AD03A7822E858B920005AE79 /* ProfileEditView.swift */,
				AD03A7842E858BA40005AE79 /* ProfileView.swift */,
				AD03A7862E858BDF0005AE79 /* ProfileImageView.swift */,
				AD4B5D4B2E8A6CBB0083787B /* ExercisePickerView.swift */,
			);
			path = Views;
			sourceTree = "<group>";
		};
		11E7491F2C9E4D3C00AB1234 /* LiveActivities */ = {
			isa = PBXGroup;
			children = (
				11E7491B2C9E4CFD00AB1234 /* WorkoutActivityAttributes.swift */,
				6544C69ED2054EA081190B12 /* WorkoutLiveActivityController.swift */,
			);
			path = LiveActivities;
			sourceTree = "<group>";
		};
		AD52FEDB2E8BCBD40048DF0F /* Frameworks */ = {
			isa = PBXGroup;
			children = (
				AD52FEDC2E8BCBD40048DF0F /* WidgetKit.framework */,
				AD52FEDE2E8BCBD40048DF0F /* SwiftUI.framework */,
			);
			name = Frameworks;
			sourceTree = "<group>";
		};
/* End PBXGroup section */

/* Begin PBXNativeTarget section */
		11E748EB2C9E4B0F00AB1234 /* GymBo */ = {
			isa = PBXNativeTarget;
			buildConfigurationList = 11E748FA2C9E4B1100AB1234 /* Build configuration list for PBXNativeTarget "GymBo" */;
			buildPhases = (
				11E748E82C9E4B0F00AB1234 /* Sources */,
				11E748E92C9E4B0F00AB1234 /* Frameworks */,
				11E748EA2C9E4B0F00AB1234 /* Resources */,
				AD52FEF52E8BCBD50048DF0F /* Embed Foundation Extensions */,
			);
			buildRules = (
			);
			dependencies = (
				AD52FEEF2E8BCBD50048DF0F /* PBXTargetDependency */,
			);
			name = GymBo;
			productName = GymTracker;
			productReference = 11E748EC2C9E4B0F00AB1234 /* GymBo.app */;
			productType = "com.apple.product-type.application";
		};
		AD52FED92E8BCBD40048DF0F /* WorkoutWidgetsExtension */ = {
			isa = PBXNativeTarget;
			buildConfigurationList = AD52FEF22E8BCBD50048DF0F /* Build configuration list for PBXNativeTarget "WorkoutWidgetsExtension" */;
			buildPhases = (
				AD52FED62E8BCBD40048DF0F /* Sources */,
				AD52FED72E8BCBD40048DF0F /* Frameworks */,
				AD52FED82E8BCBD40048DF0F /* Resources */,
			);
			buildRules = (
			);
			dependencies = (
			);
			fileSystemSynchronizedGroups = (
				AD52FEE02E8BCBD40048DF0F /* WorkoutWidgets */,
			);
			name = WorkoutWidgetsExtension;
			packageProductDependencies = (
			);
			productName = WorkoutWidgetsExtension;
			productReference = AD52FEDA2E8BCBD40048DF0F /* WorkoutWidgetsExtension.appex */;
			productType = "com.apple.product-type.app-extension";
		};
/* End PBXNativeTarget section */

/* Begin PBXProject section */
		11E748E42C9E4B0F00AB1234 /* Project object */ = {
			isa = PBXProject;
			attributes = {
				BuildIndependentTargetsInParallel = 1;
				LastSwiftUpdateCheck = 2610;
				LastUpgradeCheck = 1540;
				TargetAttributes = {
					11E748EB2C9E4B0F00AB1234 = {
						CreatedOnToolsVersion = 15.4;
					};
					AD52FED92E8BCBD40048DF0F = {
						CreatedOnToolsVersion = 26.1;
					};
				};
			};
			buildConfigurationList = 11E748E72C9E4B0F00AB1234 /* Build configuration list for PBXProject "GymBo" */;
			compatibilityVersion = "Xcode 14.0";
			developmentRegion = en;
			hasScannedForEncodings = 0;
			knownRegions = (
				en,
				Base,
			);
			mainGroup = 11E748E32C9E4B0F00AB1234;
			productRefGroup = 11E748ED2C9E4B0F00AB1234 /* Products */;
			projectDirPath = "";
			projectRoot = "";
			targets = (
				11E748EB2C9E4B0F00AB1234 /* GymBo */,
				AD52FED92E8BCBD40048DF0F /* WorkoutWidgetsExtension */,
			);
		};
/* End PBXProject section */

/* Begin PBXResourcesBuildPhase section */
		11E748EA2C9E4B0F00AB1234 /* Resources */ = {
			isa = PBXResourcesBuildPhase;
			buildActionMask = 2147483647;
			files = (
				AD363DA92E8C71C20015A34D /* KEYBOARD_DISMISSAL_GUIDE.md in Resources */,
				ADAA5A312E8D32EE00549B47 /* SoundTroubleshooting.md in Resources */,
				11E748F72C9E4B1100AB1234 /* Preview Assets.xcassets in Resources */,
				11E748F42C9E4B1100AB1234 /* Assets.xcassets in Resources */,
				ADD080552E8C7A3C003FAAFB /* 591279__awchacon__go.wav in Resources */,
				AD363D9E2E8C56EA0015A34D /* HealthKit_Integration_README.md in Resources */,
			);
			runOnlyForDeploymentPostprocessing = 0;
		};
		AD52FED82E8BCBD40048DF0F /* Resources */ = {
			isa = PBXResourcesBuildPhase;
			buildActionMask = 2147483647;
			files = (
			);
			runOnlyForDeploymentPostprocessing = 0;
		};
/* End PBXResourcesBuildPhase section */

/* Begin PBXSourcesBuildPhase section */
		11E748E82C9E4B0F00AB1234 /* Sources */ = {
			isa = PBXSourcesBuildPhase;
			buildActionMask = 2147483647;
			files = (
				11E7491E2C9E4D1500AB1234 /* SoundPlayer.swift in Sources */,
				AD4B5D4E2E8A723B0083787B /* AppLayout.swift in Sources */,
				ADAA5A2F2E8D328500549B47 /* AudioDebugView.swift in Sources */,
				11E7491A2C9E4C9E00AB1234 /* Color+Theme.swift in Sources */,
				AD03A7812E858AEC0005AE79 /* UserProfile.swift in Sources */,
				11E7491C2C9E4CFD00AB1234 /* WorkoutActivityAttributes.swift in Sources */,
				AD03A7832E858B920005AE79 /* ProfileEditView.swift in Sources */,
				3A4DFFD15FC1443C9EA5BC9C /* WorkoutLiveActivityController.swift in Sources */,
				AD2568DD2E904916009BE060 /* ExerciseRecordMigration.swift in Sources */,
				3F9060DDF1804A4BBF231BF88B /* WorkoutActionButton.swift in Sources */,
				AD363DA52E8C713F0015A34D /* KeyboardDismissalUtilities.swift in Sources */,
				AD363D982E8C556A0015A34D /* HealthKitManager.swift in Sources */,
				7BEE3022AAB849BC84AE555D /* WorkoutSession.swift in Sources */,
				E4D07EFB1F324BFA98499F7F /* SessionActionButton.swift in Sources */,
				11E749032C9E4B8900AB1234 /* Workout.swift in Sources */,
				11E7490D2C9E4BCF00AB1234 /* AddExerciseView.swift in Sources */,
				AD271CBB2E852E1500FECDA1 /* AppIconGenerator.swift in Sources */,
				AD363DA02E8C57020015A34D /* HealthKitSetup.swift in Sources */,
				11E749092C9E4BB300AB1234 /* ExercisesView.swift in Sources */,
				AD52FECB2E8B2A0E0048DF0F /* Workout+SwiftDataMapping.swift in Sources */,
				11E748F22C9E4B0F00AB1234 /* ContentView.swift in Sources */,
				AD4B5D4C2E8A6CBB0083787B /* ExercisePickerView.swift in Sources */,
				11E7490F2C9E4BDD00AB1234 /* AddWorkoutView.swift in Sources */,
				11E749142C9E4C4B00AB1234 /* SettingsView.swift in Sources */,
				ADD080532E8C7A06003FAAFB /* NotificationSoundExample.swift in Sources */,
				AD960EA42E8C0A7000E91131 /* SwiftDataSafeMapping.swift in Sources */,
				AD363DA72E8C71A00015A34D /* KeyboardDismissalExamples.swift in Sources */,
				AD52FED32E8B362F0048DF0F /* SwiftDataMigration.swift in Sources */,
				AD52FECF2E8B32640048DF0F /* SwiftDataEntities.swift in Sources */,
				11E749072C9E4BA500AB1234 /* WorkoutsView.swift in Sources */,
				11E748F02C9E4B0F00AB1234 /* GymTrackerApp.swift in Sources */,
				AD4402D12E906F81001FC101 /* ExerciseHeaderWithLastUsed.swift in Sources */,
				ADFA7B762E86652D00816DAF /* NotificationManager.swift in Sources */,
				AD4402CD2E906E81001FC101 /* ExerciseLastUsedMigration.swift in Sources */,
				AD4402CF2E906EA2001FC101 /* ExerciseLastUsedViews.swift in Sources */,
				ADAA5A332E8D36AF00549B47 /* BackupManager.swift in Sources */,
				ADD080592E8C7B0F003FAAFB /* UpdatedNotificationExample.swift in Sources */,
				AD2568DC2E9048FE009BE060 /* ExerciseRecordViews.swift in Sources */,
				ADAA5A352E8D36D900549B47 /* BackupView.swift in Sources */,
				11E749012C9E4B7A00AB1234 /* Exercise.swift in Sources */,
				AD363D9C2E8C568F0015A34D /* HealthKitSetupView.swift in Sources */,
				11E749162C9E4C4B00AB1234 /* WorkoutDetailView.swift in Sources */,
				AD960EA22E8C093D00E91131 /* ExerciseSeeder.swift in Sources */,
				AD90F2C42E845AFD003D4DE9 /* Theme.swift in Sources */,
				AD90F2C62E845B05003D4DE9 /* StartView.swift in Sources */,
				AD363D9A2E8C56740015A34D /* HeartRateView.swift in Sources */,
				11E749212C9E4D9300AB1234 /* EditWorkoutView.swift in Sources */,
				DE8D447AD4E14CC8A668C5E6 /* EditExerciseView.swift in Sources */,
				ADD080512E8C790D003FAAFB /* AudioManager.swift in Sources */,
				AD03A7852E858BA40005AE79 /* ProfileView.swift in Sources */,
				AD960EA02E8BF83200E91131 /* DataManager.swift in Sources */,
				AD271CB92E8529B900FECDA1 /* SpeechRecognizer.swift in Sources */,
				11E749052C9E4B9700AB1234 /* WorkoutStore.swift in Sources */,
				AD363DA22E8C6B250015A34D /* HealthKitDebugView.swift in Sources */,
				ADD080572E8C7AE6003FAAFB /* NotificationSoundSettings.swift in Sources */,
				AD2568DE2E904996009BE060 /* ExerciseRecord.swift in Sources */,
				ADD0805B2E8C7D29003FAAFB /* ProfilePersistenceHelper.swift in Sources */,
				AD52FECD2E8B2A110048DF0F /* WorkoutRepository.swift in Sources */,
				AD03A7872E858BDF0005AE79 /* ProfileImageView.swift in Sources */,
				11E7490B2C9E4BC100AB1234 /* StatisticsView.swift in Sources */,
				11E7492A2C9E4E0000AB1234 /* WorkoutPreferences.swift in Sources */,
				11E7492C2C9E4E1000AB1234 /* WorkoutWizardView.swift in Sources */,
				ADF0E3A72E91B8B5003FC831 /* WorkoutsTabView.swift in Sources */,
				11E749322C9E4E8A00AB1234 /* WizardSelectionStepView.swift in Sources */,
				AD52FED12E8B361F0048DF0F /* LegacyModels.swift in Sources */,
				11E7492E2C9E4E2000AB1234 /* GeneratedWorkoutPreviewView.swift in Sources */,
			);
			runOnlyForDeploymentPostprocessing = 0;
		};
		AD52FED62E8BCBD40048DF0F /* Sources */ = {
			isa = PBXSourcesBuildPhase;
			buildActionMask = 2147483647;
			files = (
				ADFCBABC2E903EAC00B761B1 /* ExerciseRecord.swift in Sources */,
				AD52FEF62E8BCC6B0048DF0F /* WorkoutActivityAttributes.swift in Sources */,
			);
			runOnlyForDeploymentPostprocessing = 0;
		};
/* End PBXSourcesBuildPhase section */

/* Begin PBXTargetDependency section */
		AD52FEEF2E8BCBD50048DF0F /* PBXTargetDependency */ = {
			isa = PBXTargetDependency;
			target = AD52FED92E8BCBD40048DF0F /* WorkoutWidgetsExtension */;
			targetProxy = AD52FEEE2E8BCBD50048DF0F /* PBXContainerItemProxy */;
		};
/* End PBXTargetDependency section */

/* Begin XCBuildConfiguration section */
		11E748F82C9E4B1100AB1234 /* Debug */ = {
			isa = XCBuildConfiguration;
			buildSettings = {
				ALWAYS_SEARCH_USER_PATHS = NO;
				ASSETCATALOG_COMPILER_GENERATE_SWIFT_ASSET_SYMBOL_EXTENSIONS = YES;
				CLANG_ANALYZER_NONNULL = YES;
				CLANG_ANALYZER_NUMBER_OBJECT_CONVERSION = YES_AGGRESSIVE;
				CLANG_CXX_LANGUAGE_STANDARD = "gnu++20";
				CLANG_ENABLE_MODULES = YES;
				CLANG_ENABLE_OBJC_ARC = YES;
				CLANG_ENABLE_OBJC_WEAK = YES;
				CLANG_WARN_BLOCK_CAPTURE_AUTORELEASING = YES;
				CLANG_WARN_BOOL_CONVERSION = YES;
				CLANG_WARN_COMMA = YES;
				CLANG_WARN_CONSTANT_CONVERSION = YES;
				CLANG_WARN_DEPRECATED_OBJC_IMPLEMENTATIONS = YES;
				CLANG_WARN_DIRECT_OBJC_ISA_USAGE = YES_ERROR;
				CLANG_WARN_DOCUMENTATION_COMMENTS = YES;
				CLANG_WARN_EMPTY_BODY = YES;
				CLANG_WARN_ENUM_CONVERSION = YES;
				CLANG_WARN_INFINITE_RECURSION = YES;
				CLANG_WARN_INT_CONVERSION = YES;
				CLANG_WARN_NON_LITERAL_NULL_CONVERSION = YES;
				CLANG_WARN_OBJC_IMPLICIT_RETAIN_SELF = YES;
				CLANG_WARN_OBJC_LITERAL_CONVERSION = YES;
				CLANG_WARN_OBJC_ROOT_CLASS = YES_ERROR;
				CLANG_WARN_QUOTED_INCLUDE_IN_FRAMEWORK_HEADER = YES;
				CLANG_WARN_RANGE_LOOP_ANALYSIS = YES;
				CLANG_WARN_STRICT_PROTOTYPES = YES;
				CLANG_WARN_SUSPICIOUS_MOVE = YES;
				CLANG_WARN_UNGUARDED_AVAILABILITY = YES_AGGRESSIVE;
				CLANG_WARN_UNREACHABLE_CODE = YES;
				CLANG_WARN__DUPLICATE_METHOD_MATCH = YES;
				COPY_PHASE_STRIP = NO;
				CURRENT_PROJECT_VERSION = 40;
				DEBUG_INFORMATION_FORMAT = dwarf;
				ENABLE_STRICT_OBJC_MSGSEND = YES;
				ENABLE_TESTABILITY = YES;
				ENABLE_USER_SCRIPT_SANDBOXING = YES;
				GCC_C_LANGUAGE_STANDARD = gnu17;
				GCC_DYNAMIC_NO_PIC = NO;
				GCC_NO_COMMON_BLOCKS = YES;
				GCC_OPTIMIZATION_LEVEL = 0;
				GCC_PREPROCESSOR_DEFINITIONS = (
					"DEBUG=1",
					"$(inherited)",
				);
				GCC_WARN_64_TO_32_BIT_CONVERSION = YES;
				GCC_WARN_ABOUT_RETURN_TYPE = YES_ERROR;
				GCC_WARN_UNDECLARED_SELECTOR = YES;
				GCC_WARN_UNINITIALIZED_AUTOS = YES_AGGRESSIVE;
				GCC_WARN_UNUSED_FUNCTION = YES;
				GCC_WARN_UNUSED_VARIABLE = YES;
				IPHONEOS_DEPLOYMENT_TARGET = 17.0;
				LOCALIZATION_PREFERS_STRING_CATALOGS = YES;
				MARKETING_VERSION = 1.3;
				MTL_ENABLE_DEBUG_INFO = INCLUDE_SOURCE;
				MTL_FAST_MATH = YES;
				ONLY_ACTIVE_ARCH = YES;
				SDKROOT = iphoneos;
				SWIFT_ACTIVE_COMPILATION_CONDITIONS = "DEBUG $(inherited)";
				SWIFT_OPTIMIZATION_LEVEL = "-Onone";
			};
			name = Debug;
		};
		11E748F92C9E4B1100AB1234 /* Release */ = {
			isa = XCBuildConfiguration;
			buildSettings = {
				ALWAYS_SEARCH_USER_PATHS = NO;
				ASSETCATALOG_COMPILER_GENERATE_SWIFT_ASSET_SYMBOL_EXTENSIONS = YES;
				CLANG_ANALYZER_NONNULL = YES;
				CLANG_ANALYZER_NUMBER_OBJECT_CONVERSION = YES_AGGRESSIVE;
				CLANG_CXX_LANGUAGE_STANDARD = "gnu++20";
				CLANG_ENABLE_MODULES = YES;
				CLANG_ENABLE_OBJC_ARC = YES;
				CLANG_ENABLE_OBJC_WEAK = YES;
				CLANG_WARN_BLOCK_CAPTURE_AUTORELEASING = YES;
				CLANG_WARN_BOOL_CONVERSION = YES;
				CLANG_WARN_COMMA = YES;
				CLANG_WARN_CONSTANT_CONVERSION = YES;
				CLANG_WARN_DEPRECATED_OBJC_IMPLEMENTATIONS = YES;
				CLANG_WARN_DIRECT_OBJC_ISA_USAGE = YES_ERROR;
				CLANG_WARN_DOCUMENTATION_COMMENTS = YES;
				CLANG_WARN_EMPTY_BODY = YES;
				CLANG_WARN_ENUM_CONVERSION = YES;
				CLANG_WARN_INFINITE_RECURSION = YES;
				CLANG_WARN_INT_CONVERSION = YES;
				CLANG_WARN_NON_LITERAL_NULL_CONVERSION = YES;
				CLANG_WARN_OBJC_IMPLICIT_RETAIN_SELF = YES;
				CLANG_WARN_OBJC_LITERAL_CONVERSION = YES;
				CLANG_WARN_OBJC_ROOT_CLASS = YES_ERROR;
				CLANG_WARN_QUOTED_INCLUDE_IN_FRAMEWORK_HEADER = YES;
				CLANG_WARN_RANGE_LOOP_ANALYSIS = YES;
				CLANG_WARN_STRICT_PROTOTYPES = YES;
				CLANG_WARN_SUSPICIOUS_MOVE = YES;
				CLANG_WARN_UNGUARDED_AVAILABILITY = YES_AGGRESSIVE;
				CLANG_WARN_UNREACHABLE_CODE = YES;
				CLANG_WARN__DUPLICATE_METHOD_MATCH = YES;
				COPY_PHASE_STRIP = NO;
				CURRENT_PROJECT_VERSION = 40;
				DEBUG_INFORMATION_FORMAT = "dwarf-with-dsym";
				ENABLE_NS_ASSERTIONS = NO;
				ENABLE_STRICT_OBJC_MSGSEND = YES;
				ENABLE_USER_SCRIPT_SANDBOXING = YES;
				GCC_C_LANGUAGE_STANDARD = gnu17;
				GCC_NO_COMMON_BLOCKS = YES;
				GCC_WARN_64_TO_32_BIT_CONVERSION = YES;
				GCC_WARN_ABOUT_RETURN_TYPE = YES_ERROR;
				GCC_WARN_UNDECLARED_SELECTOR = YES;
				GCC_WARN_UNINITIALIZED_AUTOS = YES_AGGRESSIVE;
				GCC_WARN_UNUSED_FUNCTION = YES;
				GCC_WARN_UNUSED_VARIABLE = YES;
				IPHONEOS_DEPLOYMENT_TARGET = 17.0;
				LOCALIZATION_PREFERS_STRING_CATALOGS = YES;
				MARKETING_VERSION = 1.3;
				MTL_ENABLE_DEBUG_INFO = NO;
				MTL_FAST_MATH = YES;
				SDKROOT = iphoneos;
				SWIFT_COMPILATION_MODE = wholemodule;
				VALIDATE_PRODUCT = YES;
			};
			name = Release;
		};
		11E748FB2C9E4B1100AB1234 /* Debug */ = {
			isa = XCBuildConfiguration;
			buildSettings = {
				ASSETCATALOG_COMPILER_APPICON_NAME = AppIcon;
				ASSETCATALOG_COMPILER_GLOBAL_ACCENT_COLOR_NAME = AccentColor;
				ASSETCATALOG_COMPILER_INCLUDE_ALL_APPICON_ASSETS = NO;
				CODE_SIGN_ENTITLEMENTS = GymBo.entitlements;
				CODE_SIGN_STYLE = Automatic;
				CURRENT_PROJECT_VERSION = 40;
				DEVELOPMENT_ASSET_PATHS = "\"GymTracker/Preview Content\"";
				DEVELOPMENT_TEAM = 5N2YD2P2G5;
				ENABLE_PREVIEWS = YES;
				GENERATE_INFOPLIST_FILE = YES;
				INFOPLIST_FILE = "GymBo-Info.plist";
				INFOPLIST_KEY_CFBundleDisplayName = GymBo;
				INFOPLIST_KEY_LSApplicationCategoryType = "public.app-category.healthcare-fitness";
				INFOPLIST_KEY_NSHealthShareUsageDescription = "Diese App benötigt Zugriff auf HealthKit, um deine Trainingsdaten zu lesen und dein Profil zu vervollständigen.";
				INFOPLIST_KEY_NSHealthUpdateUsageDescription = "Diese App möchte deine Workouts in HealthKit speichern, um sie mit anderen Health-Apps zu teilen.";
				INFOPLIST_KEY_NSSupportsLiveActivities = YES;
				INFOPLIST_KEY_UIApplicationSceneManifest_Generation = YES;
				INFOPLIST_KEY_UIApplicationSupportsIndirectInputEvents = YES;
				INFOPLIST_KEY_UILaunchScreen_Generation = YES;
				INFOPLIST_KEY_UISupportedInterfaceOrientations = UIInterfaceOrientationPortrait;
				INFOPLIST_KEY_UISupportedInterfaceOrientations_iPad = "UIInterfaceOrientationLandscapeLeft UIInterfaceOrientationLandscapeRight UIInterfaceOrientationPortrait UIInterfaceOrientationPortraitUpsideDown";
				LD_RUNPATH_SEARCH_PATHS = (
					"$(inherited)",
					"@executable_path/Frameworks",
				);
				MARKETING_VERSION = "$(MARKETING_VERSION)";
				PRODUCT_BUNDLE_IDENTIFIER = com.example.GymTracker;
				PRODUCT_NAME = "$(TARGET_NAME)";
				SUPPORTED_PLATFORMS = "iphoneos iphonesimulator";
				SUPPORTS_MACCATALYST = NO;
				SUPPORTS_MAC_DESIGNED_FOR_IPHONE_IPAD = NO;
				SUPPORTS_XR_DESIGNED_FOR_IPHONE_IPAD = NO;
				SWIFT_EMIT_LOC_STRINGS = YES;
				SWIFT_VERSION = 5.0;
				TARGETED_DEVICE_FAMILY = 1;
			};
			name = Debug;
		};
		11E748FC2C9E4B1100AB1234 /* Release */ = {
			isa = XCBuildConfiguration;
			buildSettings = {
				ASSETCATALOG_COMPILER_APPICON_NAME = AppIcon;
				ASSETCATALOG_COMPILER_GLOBAL_ACCENT_COLOR_NAME = AccentColor;
				ASSETCATALOG_COMPILER_INCLUDE_ALL_APPICON_ASSETS = NO;
				CODE_SIGN_ENTITLEMENTS = GymBo.entitlements;
				CODE_SIGN_STYLE = Automatic;
				CURRENT_PROJECT_VERSION = 40;
				DEVELOPMENT_ASSET_PATHS = "\"GymTracker/Preview Content\"";
				DEVELOPMENT_TEAM = 5N2YD2P2G5;
				ENABLE_PREVIEWS = YES;
				GENERATE_INFOPLIST_FILE = YES;
				INFOPLIST_FILE = "GymBo-Info.plist";
				INFOPLIST_KEY_CFBundleDisplayName = GymBo;
				INFOPLIST_KEY_LSApplicationCategoryType = "public.app-category.healthcare-fitness";
				INFOPLIST_KEY_NSHealthShareUsageDescription = "Diese App benötigt Zugriff auf HealthKit, um deine Trainingsdaten zu lesen und dein Profil zu vervollständigen.";
				INFOPLIST_KEY_NSHealthUpdateUsageDescription = "Diese App möchte deine Workouts in HealthKit speichern, um sie mit anderen Health-Apps zu teilen.";
				INFOPLIST_KEY_NSSupportsLiveActivities = YES;
				INFOPLIST_KEY_UIApplicationSceneManifest_Generation = YES;
				INFOPLIST_KEY_UIApplicationSupportsIndirectInputEvents = YES;
				INFOPLIST_KEY_UILaunchScreen_Generation = YES;
				INFOPLIST_KEY_UISupportedInterfaceOrientations = UIInterfaceOrientationPortrait;
				INFOPLIST_KEY_UISupportedInterfaceOrientations_iPad = "UIInterfaceOrientationLandscapeLeft UIInterfaceOrientationLandscapeRight UIInterfaceOrientationPortrait UIInterfaceOrientationPortraitUpsideDown";
				LD_RUNPATH_SEARCH_PATHS = (
					"$(inherited)",
					"@executable_path/Frameworks",
				);
				MARKETING_VERSION = "$(MARKETING_VERSION)";
				PRODUCT_BUNDLE_IDENTIFIER = com.example.GymTracker;
				PRODUCT_NAME = "$(TARGET_NAME)";
				SUPPORTED_PLATFORMS = "iphoneos iphonesimulator";
				SUPPORTS_MACCATALYST = NO;
				SUPPORTS_MAC_DESIGNED_FOR_IPHONE_IPAD = NO;
				SUPPORTS_XR_DESIGNED_FOR_IPHONE_IPAD = NO;
				SWIFT_EMIT_LOC_STRINGS = YES;
				SWIFT_VERSION = 5.0;
				TARGETED_DEVICE_FAMILY = 1;
			};
			name = Release;
		};
		AD52FEF32E8BCBD50048DF0F /* Debug */ = {
			isa = XCBuildConfiguration;
			buildSettings = {
				ASSETCATALOG_COMPILER_GLOBAL_ACCENT_COLOR_NAME = AccentColor;
				ASSETCATALOG_COMPILER_WIDGET_BACKGROUND_COLOR_NAME = WidgetBackground;
				CODE_SIGN_STYLE = Automatic;
				CURRENT_PROJECT_VERSION = 40;
				DEVELOPMENT_TEAM = 5N2YD2P2G5;
				GENERATE_INFOPLIST_FILE = YES;
				INFOPLIST_FILE = WorkoutWidgets/Info.plist;
				INFOPLIST_KEY_CFBundleDisplayName = WorkoutWidgets;
				INFOPLIST_KEY_NSHumanReadableCopyright = "";
				IPHONEOS_DEPLOYMENT_TARGET = 18.6;
				LD_RUNPATH_SEARCH_PATHS = (
					"$(inherited)",
					"@executable_path/Frameworks",
					"@executable_path/../../Frameworks",
				);
				MARKETING_VERSION = "$(MARKETING_VERSION)";
				PRODUCT_BUNDLE_IDENTIFIER = com.example.GymTracker.WorkoutWidgets;
				PRODUCT_NAME = "$(TARGET_NAME)";
				SKIP_INSTALL = YES;
				STRING_CATALOG_GENERATE_SYMBOLS = YES;
				SUPPORTED_PLATFORMS = "iphoneos iphonesimulator";
				SUPPORTS_MACCATALYST = NO;
				SUPPORTS_MAC_DESIGNED_FOR_IPHONE_IPAD = NO;
				SUPPORTS_XR_DESIGNED_FOR_IPHONE_IPAD = NO;
				SWIFT_APPROACHABLE_CONCURRENCY = YES;
				SWIFT_EMIT_LOC_STRINGS = YES;
				SWIFT_UPCOMING_FEATURE_MEMBER_IMPORT_VISIBILITY = YES;
				SWIFT_VERSION = 5.0;
				TARGETED_DEVICE_FAMILY = 1;
			};
			name = Debug;
		};
		AD52FEF42E8BCBD50048DF0F /* Release */ = {
			isa = XCBuildConfiguration;
			buildSettings = {
				ASSETCATALOG_COMPILER_GLOBAL_ACCENT_COLOR_NAME = AccentColor;
				ASSETCATALOG_COMPILER_WIDGET_BACKGROUND_COLOR_NAME = WidgetBackground;
				CODE_SIGN_STYLE = Automatic;
				CURRENT_PROJECT_VERSION = 40;
				DEVELOPMENT_TEAM = 5N2YD2P2G5;
				GENERATE_INFOPLIST_FILE = YES;
				INFOPLIST_FILE = WorkoutWidgets/Info.plist;
				INFOPLIST_KEY_CFBundleDisplayName = WorkoutWidgets;
				INFOPLIST_KEY_NSHumanReadableCopyright = "";
				IPHONEOS_DEPLOYMENT_TARGET = 18.6;
				LD_RUNPATH_SEARCH_PATHS = (
					"$(inherited)",
					"@executable_path/Frameworks",
					"@executable_path/../../Frameworks",
				);
				MARKETING_VERSION = "$(MARKETING_VERSION)";
				PRODUCT_BUNDLE_IDENTIFIER = com.example.GymTracker.WorkoutWidgets;
				PRODUCT_NAME = "$(TARGET_NAME)";
				SKIP_INSTALL = YES;
				STRING_CATALOG_GENERATE_SYMBOLS = YES;
				SUPPORTED_PLATFORMS = "iphoneos iphonesimulator";
				SUPPORTS_MACCATALYST = NO;
				SUPPORTS_MAC_DESIGNED_FOR_IPHONE_IPAD = NO;
				SUPPORTS_XR_DESIGNED_FOR_IPHONE_IPAD = NO;
				SWIFT_APPROACHABLE_CONCURRENCY = YES;
				SWIFT_EMIT_LOC_STRINGS = YES;
				SWIFT_UPCOMING_FEATURE_MEMBER_IMPORT_VISIBILITY = YES;
				SWIFT_VERSION = 5.0;
				TARGETED_DEVICE_FAMILY = 1;
			};
			name = Release;
		};
/* End XCBuildConfiguration section */

/* Begin XCConfigurationList section */
		11E748E72C9E4B0F00AB1234 /* Build configuration list for PBXProject "GymBo" */ = {
			isa = XCConfigurationList;
			buildConfigurations = (
				11E748F82C9E4B1100AB1234 /* Debug */,
				11E748F92C9E4B1100AB1234 /* Release */,
			);
			defaultConfigurationIsVisible = 0;
			defaultConfigurationName = Release;
		};
		11E748FA2C9E4B1100AB1234 /* Build configuration list for PBXNativeTarget "GymBo" */ = {
			isa = XCConfigurationList;
			buildConfigurations = (
				11E748FB2C9E4B1100AB1234 /* Debug */,
				11E748FC2C9E4B1100AB1234 /* Release */,
			);
			defaultConfigurationIsVisible = 0;
			defaultConfigurationName = Release;
		};
		AD52FEF22E8BCBD50048DF0F /* Build configuration list for PBXNativeTarget "WorkoutWidgetsExtension" */ = {
			isa = XCConfigurationList;
			buildConfigurations = (
				AD52FEF32E8BCBD50048DF0F /* Debug */,
				AD52FEF42E8BCBD50048DF0F /* Release */,
			);
			defaultConfigurationIsVisible = 0;
			defaultConfigurationName = Release;
		};
/* End XCConfigurationList section */
	};
	rootObject = 11E748E42C9E4B0F00AB1234 /* Project object */;
}
